// !$*UTF8*$!
{
	archiveVersion = 1;
	classes = {
	};
	objectVersion = 47;
	objects = {

/* Begin PBXBuildFile section */
		52D6D9871BEFF229002C0205 /* SwiftySweetness.framework in Frameworks */ = {isa = PBXBuildFile; fileRef = 52D6D97C1BEFF229002C0205 /* SwiftySweetness.framework */; };
		8933C78E1EB5B82C000D00A4 /* SwiftySweetnessTests.swift in Sources */ = {isa = PBXBuildFile; fileRef = 8933C7891EB5B82A000D00A4 /* SwiftySweetnessTests.swift */; };
		8933C78F1EB5B82C000D00A4 /* SwiftySweetnessTests.swift in Sources */ = {isa = PBXBuildFile; fileRef = 8933C7891EB5B82A000D00A4 /* SwiftySweetnessTests.swift */; };
		8933C7901EB5B82D000D00A4 /* SwiftySweetnessTests.swift in Sources */ = {isa = PBXBuildFile; fileRef = 8933C7891EB5B82A000D00A4 /* SwiftySweetnessTests.swift */; };
		DD7502881C68FEDE006590AF /* SwiftySweetness.framework in Frameworks */ = {isa = PBXBuildFile; fileRef = 52D6DA0F1BF000BD002C0205 /* SwiftySweetness.framework */; };
		DD7502921C690C7A006590AF /* SwiftySweetness.framework in Frameworks */ = {isa = PBXBuildFile; fileRef = 52D6D9F01BEFFFBE002C0205 /* SwiftySweetness.framework */; };
		E305E2A71F8B11AA00360094 /* DataRepresentation.swift in Sources */ = {isa = PBXBuildFile; fileRef = E305E2A61F8B11AA00360094 /* DataRepresentation.swift */; };
		E305E2A81F8B11AA00360094 /* DataRepresentation.swift in Sources */ = {isa = PBXBuildFile; fileRef = E305E2A61F8B11AA00360094 /* DataRepresentation.swift */; };
		E305E2A91F8B11AA00360094 /* DataRepresentation.swift in Sources */ = {isa = PBXBuildFile; fileRef = E305E2A61F8B11AA00360094 /* DataRepresentation.swift */; };
		E305E2AA1F8B11AA00360094 /* DataRepresentation.swift in Sources */ = {isa = PBXBuildFile; fileRef = E305E2A61F8B11AA00360094 /* DataRepresentation.swift */; };
		E33859B71FCB69870080710A /* Pipes.swift in Sources */ = {isa = PBXBuildFile; fileRef = E3DF444D1FB00E65009039DA /* Pipes.swift */; };
		E33859B81FCB69870080710A /* Pipes.swift in Sources */ = {isa = PBXBuildFile; fileRef = E3DF444D1FB00E65009039DA /* Pipes.swift */; };
		E33859B91FCB69880080710A /* Pipes.swift in Sources */ = {isa = PBXBuildFile; fileRef = E3DF444D1FB00E65009039DA /* Pipes.swift */; };
		E33859BA1FCB698A0080710A /* Typealiases.swift in Sources */ = {isa = PBXBuildFile; fileRef = E3DF444B1FB007FC009039DA /* Typealiases.swift */; };
		E33859BB1FCB698A0080710A /* Typealiases.swift in Sources */ = {isa = PBXBuildFile; fileRef = E3DF444B1FB007FC009039DA /* Typealiases.swift */; };
		E33859BC1FCB698A0080710A /* Typealiases.swift in Sources */ = {isa = PBXBuildFile; fileRef = E3DF444B1FB007FC009039DA /* Typealiases.swift */; };
		E36185491F8315F6005D93A1 /* Decodable+SwiftySweetness.swift in Sources */ = {isa = PBXBuildFile; fileRef = E36185481F8315E3005D93A1 /* Decodable+SwiftySweetness.swift */; };
		E361854A1F8315F6005D93A1 /* Decodable+SwiftySweetness.swift in Sources */ = {isa = PBXBuildFile; fileRef = E36185481F8315E3005D93A1 /* Decodable+SwiftySweetness.swift */; };
		E361854B1F8315F7005D93A1 /* Decodable+SwiftySweetness.swift in Sources */ = {isa = PBXBuildFile; fileRef = E36185481F8315E3005D93A1 /* Decodable+SwiftySweetness.swift */; };
		E361854C1F8315F7005D93A1 /* Decodable+SwiftySweetness.swift in Sources */ = {isa = PBXBuildFile; fileRef = E36185481F8315E3005D93A1 /* Decodable+SwiftySweetness.swift */; };
		E361854D1F8315F9005D93A1 /* Encodable+SwiftySweetness.swift in Sources */ = {isa = PBXBuildFile; fileRef = E36185471F8315E3005D93A1 /* Encodable+SwiftySweetness.swift */; };
		E361854E1F8315FA005D93A1 /* Encodable+SwiftySweetness.swift in Sources */ = {isa = PBXBuildFile; fileRef = E36185471F8315E3005D93A1 /* Encodable+SwiftySweetness.swift */; };
		E361854F1F8315FA005D93A1 /* Encodable+SwiftySweetness.swift in Sources */ = {isa = PBXBuildFile; fileRef = E36185471F8315E3005D93A1 /* Encodable+SwiftySweetness.swift */; };
		E36185501F8315FA005D93A1 /* Encodable+SwiftySweetness.swift in Sources */ = {isa = PBXBuildFile; fileRef = E36185471F8315E3005D93A1 /* Encodable+SwiftySweetness.swift */; };
		E36185621F8316FD005D93A1 /* Array+SwiftySweetness.swift in Sources */ = {isa = PBXBuildFile; fileRef = E36185571F831637005D93A1 /* Array+SwiftySweetness.swift */; };
		E36185631F8316FD005D93A1 /* Bool+SwiftySweetness.swift in Sources */ = {isa = PBXBuildFile; fileRef = E36185561F831637005D93A1 /* Bool+SwiftySweetness.swift */; };
		E36185641F8316FD005D93A1 /* CGRect+SwiftySweetness.swift in Sources */ = {isa = PBXBuildFile; fileRef = E361855C1F831638005D93A1 /* CGRect+SwiftySweetness.swift */; };
		E36185651F8316FD005D93A1 /* Double+SwiftySweetness.swift in Sources */ = {isa = PBXBuildFile; fileRef = E361855A1F831637005D93A1 /* Double+SwiftySweetness.swift */; };
		E36185661F8316FD005D93A1 /* Int+SwiftySweetness.swift in Sources */ = {isa = PBXBuildFile; fileRef = E361855B1F831638005D93A1 /* Int+SwiftySweetness.swift */; };
		E36185671F8316FD005D93A1 /* Operators.swift in Sources */ = {isa = PBXBuildFile; fileRef = E361855D1F831638005D93A1 /* Operators.swift */; };
		E36185681F8316FD005D93A1 /* Optional+SwiftySweetness.swift in Sources */ = {isa = PBXBuildFile; fileRef = E36185591F831637005D93A1 /* Optional+SwiftySweetness.swift */; };
		E36185691F8316FD005D93A1 /* String+SwiftySweetness.swift in Sources */ = {isa = PBXBuildFile; fileRef = E36185581F831637005D93A1 /* String+SwiftySweetness.swift */; };
		E361856A1F8316FD005D93A1 /* Array+SwiftySweetness.swift in Sources */ = {isa = PBXBuildFile; fileRef = E36185571F831637005D93A1 /* Array+SwiftySweetness.swift */; };
		E361856B1F8316FD005D93A1 /* Bool+SwiftySweetness.swift in Sources */ = {isa = PBXBuildFile; fileRef = E36185561F831637005D93A1 /* Bool+SwiftySweetness.swift */; };
		E361856C1F8316FD005D93A1 /* CGRect+SwiftySweetness.swift in Sources */ = {isa = PBXBuildFile; fileRef = E361855C1F831638005D93A1 /* CGRect+SwiftySweetness.swift */; };
		E361856D1F8316FD005D93A1 /* Double+SwiftySweetness.swift in Sources */ = {isa = PBXBuildFile; fileRef = E361855A1F831637005D93A1 /* Double+SwiftySweetness.swift */; };
		E361856E1F8316FD005D93A1 /* Int+SwiftySweetness.swift in Sources */ = {isa = PBXBuildFile; fileRef = E361855B1F831638005D93A1 /* Int+SwiftySweetness.swift */; };
		E361856F1F8316FD005D93A1 /* Operators.swift in Sources */ = {isa = PBXBuildFile; fileRef = E361855D1F831638005D93A1 /* Operators.swift */; };
		E36185701F8316FD005D93A1 /* Optional+SwiftySweetness.swift in Sources */ = {isa = PBXBuildFile; fileRef = E36185591F831637005D93A1 /* Optional+SwiftySweetness.swift */; };
		E36185711F8316FD005D93A1 /* String+SwiftySweetness.swift in Sources */ = {isa = PBXBuildFile; fileRef = E36185581F831637005D93A1 /* String+SwiftySweetness.swift */; };
		E36185721F8316FE005D93A1 /* Array+SwiftySweetness.swift in Sources */ = {isa = PBXBuildFile; fileRef = E36185571F831637005D93A1 /* Array+SwiftySweetness.swift */; };
		E36185731F8316FE005D93A1 /* Bool+SwiftySweetness.swift in Sources */ = {isa = PBXBuildFile; fileRef = E36185561F831637005D93A1 /* Bool+SwiftySweetness.swift */; };
		E36185741F8316FE005D93A1 /* CGRect+SwiftySweetness.swift in Sources */ = {isa = PBXBuildFile; fileRef = E361855C1F831638005D93A1 /* CGRect+SwiftySweetness.swift */; };
		E36185751F8316FE005D93A1 /* Double+SwiftySweetness.swift in Sources */ = {isa = PBXBuildFile; fileRef = E361855A1F831637005D93A1 /* Double+SwiftySweetness.swift */; };
		E36185761F8316FE005D93A1 /* Int+SwiftySweetness.swift in Sources */ = {isa = PBXBuildFile; fileRef = E361855B1F831638005D93A1 /* Int+SwiftySweetness.swift */; };
		E36185771F8316FE005D93A1 /* Operators.swift in Sources */ = {isa = PBXBuildFile; fileRef = E361855D1F831638005D93A1 /* Operators.swift */; };
		E36185781F8316FE005D93A1 /* Optional+SwiftySweetness.swift in Sources */ = {isa = PBXBuildFile; fileRef = E36185591F831637005D93A1 /* Optional+SwiftySweetness.swift */; };
		E36185791F8316FE005D93A1 /* String+SwiftySweetness.swift in Sources */ = {isa = PBXBuildFile; fileRef = E36185581F831637005D93A1 /* String+SwiftySweetness.swift */; };
		E361857A1F8316FE005D93A1 /* Array+SwiftySweetness.swift in Sources */ = {isa = PBXBuildFile; fileRef = E36185571F831637005D93A1 /* Array+SwiftySweetness.swift */; };
		E361857B1F8316FE005D93A1 /* Bool+SwiftySweetness.swift in Sources */ = {isa = PBXBuildFile; fileRef = E36185561F831637005D93A1 /* Bool+SwiftySweetness.swift */; };
		E361857C1F8316FE005D93A1 /* CGRect+SwiftySweetness.swift in Sources */ = {isa = PBXBuildFile; fileRef = E361855C1F831638005D93A1 /* CGRect+SwiftySweetness.swift */; };
		E361857D1F8316FE005D93A1 /* Double+SwiftySweetness.swift in Sources */ = {isa = PBXBuildFile; fileRef = E361855A1F831637005D93A1 /* Double+SwiftySweetness.swift */; };
		E361857E1F8316FE005D93A1 /* Int+SwiftySweetness.swift in Sources */ = {isa = PBXBuildFile; fileRef = E361855B1F831638005D93A1 /* Int+SwiftySweetness.swift */; };
		E361857F1F8316FE005D93A1 /* Operators.swift in Sources */ = {isa = PBXBuildFile; fileRef = E361855D1F831638005D93A1 /* Operators.swift */; };
		E36185801F8316FE005D93A1 /* Optional+SwiftySweetness.swift in Sources */ = {isa = PBXBuildFile; fileRef = E36185591F831637005D93A1 /* Optional+SwiftySweetness.swift */; };
		E36185811F8316FE005D93A1 /* String+SwiftySweetness.swift in Sources */ = {isa = PBXBuildFile; fileRef = E36185581F831637005D93A1 /* String+SwiftySweetness.swift */; };
		E36185821F831707005D93A1 /* Button+SwiftySweetness.swift in Sources */ = {isa = PBXBuildFile; fileRef = E36185541F83162C005D93A1 /* Button+SwiftySweetness.swift */; };
		E36185831F831707005D93A1 /* Color+SwiftySweetness.swift in Sources */ = {isa = PBXBuildFile; fileRef = E36185551F83162D005D93A1 /* Color+SwiftySweetness.swift */; };
		E36185841F831707005D93A1 /* View+SwiftySweetness.swift in Sources */ = {isa = PBXBuildFile; fileRef = E36185511F83162C005D93A1 /* View+SwiftySweetness.swift */; };
		E36185851F831707005D93A1 /* UIViewController+SwiftySweetness.swift in Sources */ = {isa = PBXBuildFile; fileRef = E36185521F83162C005D93A1 /* UIViewController+SwiftySweetness.swift */; };
		E36185861F831707005D93A1 /* UIWindow+SwiftySweetness.swift in Sources */ = {isa = PBXBuildFile; fileRef = E36185531F83162C005D93A1 /* UIWindow+SwiftySweetness.swift */; };
		E36185871F831707005D93A1 /* Button+SwiftySweetness.swift in Sources */ = {isa = PBXBuildFile; fileRef = E36185541F83162C005D93A1 /* Button+SwiftySweetness.swift */; };
		E36185881F831707005D93A1 /* Color+SwiftySweetness.swift in Sources */ = {isa = PBXBuildFile; fileRef = E36185551F83162D005D93A1 /* Color+SwiftySweetness.swift */; };
		E36185891F831707005D93A1 /* View+SwiftySweetness.swift in Sources */ = {isa = PBXBuildFile; fileRef = E36185511F83162C005D93A1 /* View+SwiftySweetness.swift */; };
		E361858A1F831707005D93A1 /* UIViewController+SwiftySweetness.swift in Sources */ = {isa = PBXBuildFile; fileRef = E36185521F83162C005D93A1 /* UIViewController+SwiftySweetness.swift */; };
		E361858B1F831707005D93A1 /* UIWindow+SwiftySweetness.swift in Sources */ = {isa = PBXBuildFile; fileRef = E36185531F83162C005D93A1 /* UIWindow+SwiftySweetness.swift */; };
		E361858C1F831707005D93A1 /* Button+SwiftySweetness.swift in Sources */ = {isa = PBXBuildFile; fileRef = E36185541F83162C005D93A1 /* Button+SwiftySweetness.swift */; };
		E361858D1F831707005D93A1 /* Color+SwiftySweetness.swift in Sources */ = {isa = PBXBuildFile; fileRef = E36185551F83162D005D93A1 /* Color+SwiftySweetness.swift */; };
		E361858E1F831707005D93A1 /* View+SwiftySweetness.swift in Sources */ = {isa = PBXBuildFile; fileRef = E36185511F83162C005D93A1 /* View+SwiftySweetness.swift */; };
		E361858F1F831707005D93A1 /* UIViewController+SwiftySweetness.swift in Sources */ = {isa = PBXBuildFile; fileRef = E36185521F83162C005D93A1 /* UIViewController+SwiftySweetness.swift */; };
		E36185901F831707005D93A1 /* UIWindow+SwiftySweetness.swift in Sources */ = {isa = PBXBuildFile; fileRef = E36185531F83162C005D93A1 /* UIWindow+SwiftySweetness.swift */; };
		E36185911F831708005D93A1 /* Button+SwiftySweetness.swift in Sources */ = {isa = PBXBuildFile; fileRef = E36185541F83162C005D93A1 /* Button+SwiftySweetness.swift */; };
		E36185921F831708005D93A1 /* Color+SwiftySweetness.swift in Sources */ = {isa = PBXBuildFile; fileRef = E36185551F83162D005D93A1 /* Color+SwiftySweetness.swift */; };
		E36185931F831708005D93A1 /* View+SwiftySweetness.swift in Sources */ = {isa = PBXBuildFile; fileRef = E36185511F83162C005D93A1 /* View+SwiftySweetness.swift */; };
		E36185941F831708005D93A1 /* UIViewController+SwiftySweetness.swift in Sources */ = {isa = PBXBuildFile; fileRef = E36185521F83162C005D93A1 /* UIViewController+SwiftySweetness.swift */; };
		E36185951F831708005D93A1 /* UIWindow+SwiftySweetness.swift in Sources */ = {isa = PBXBuildFile; fileRef = E36185531F83162C005D93A1 /* UIWindow+SwiftySweetness.swift */; };
		E3DF444C1FB007FC009039DA /* Typealiases.swift in Sources */ = {isa = PBXBuildFile; fileRef = E3DF444B1FB007FC009039DA /* Typealiases.swift */; };
		E3DF444E1FB00E65009039DA /* Pipes.swift in Sources */ = {isa = PBXBuildFile; fileRef = E3DF444D1FB00E65009039DA /* Pipes.swift */; };
		E3DF44501FB019E8009039DA /* Any+SwiftySweetness.swift in Sources */ = {isa = PBXBuildFile; fileRef = E3DF444F1FB019E8009039DA /* Any+SwiftySweetness.swift */; };
		E3DF44521FB01B62009039DA /* PropertyRepresentable.swift in Sources */ = {isa = PBXBuildFile; fileRef = E3DF44511FB01B62009039DA /* PropertyRepresentable.swift */; };
/* End PBXBuildFile section */

/* Begin PBXContainerItemProxy section */
		52D6D9881BEFF229002C0205 /* PBXContainerItemProxy */ = {
			isa = PBXContainerItemProxy;
			containerPortal = 52D6D9731BEFF229002C0205 /* Project object */;
			proxyType = 1;
			remoteGlobalIDString = 52D6D97B1BEFF229002C0205;
			remoteInfo = SwiftySweetness;
		};
		DD7502801C68FCFC006590AF /* PBXContainerItemProxy */ = {
			isa = PBXContainerItemProxy;
			containerPortal = 52D6D9731BEFF229002C0205 /* Project object */;
			proxyType = 1;
			remoteGlobalIDString = 52D6DA0E1BF000BD002C0205;
			remoteInfo = "SwiftySweetness-macOS";
		};
		DD7502931C690C7A006590AF /* PBXContainerItemProxy */ = {
			isa = PBXContainerItemProxy;
			containerPortal = 52D6D9731BEFF229002C0205 /* Project object */;
			proxyType = 1;
			remoteGlobalIDString = 52D6D9EF1BEFFFBE002C0205;
			remoteInfo = "SwiftySweetness-tvOS";
		};
/* End PBXContainerItemProxy section */

/* Begin PBXFileReference section */
		52D6D97C1BEFF229002C0205 /* SwiftySweetness.framework */ = {isa = PBXFileReference; explicitFileType = wrapper.framework; includeInIndex = 0; path = SwiftySweetness.framework; sourceTree = BUILT_PRODUCTS_DIR; };
		52D6D9861BEFF229002C0205 /* SwiftySweetness-iOS Tests.xctest */ = {isa = PBXFileReference; explicitFileType = wrapper.cfbundle; includeInIndex = 0; path = "SwiftySweetness-iOS Tests.xctest"; sourceTree = BUILT_PRODUCTS_DIR; };
		52D6D9E21BEFFF6E002C0205 /* SwiftySweetness.framework */ = {isa = PBXFileReference; explicitFileType = wrapper.framework; includeInIndex = 0; path = SwiftySweetness.framework; sourceTree = BUILT_PRODUCTS_DIR; };
		52D6D9F01BEFFFBE002C0205 /* SwiftySweetness.framework */ = {isa = PBXFileReference; explicitFileType = wrapper.framework; includeInIndex = 0; path = SwiftySweetness.framework; sourceTree = BUILT_PRODUCTS_DIR; };
		52D6DA0F1BF000BD002C0205 /* SwiftySweetness.framework */ = {isa = PBXFileReference; explicitFileType = wrapper.framework; includeInIndex = 0; path = SwiftySweetness.framework; sourceTree = BUILT_PRODUCTS_DIR; };
		8933C7891EB5B82A000D00A4 /* SwiftySweetnessTests.swift */ = {isa = PBXFileReference; fileEncoding = 4; lastKnownFileType = sourcecode.swift; path = SwiftySweetnessTests.swift; sourceTree = "<group>"; };
		AD2FAA261CD0B6D800659CF4 /* SwiftySweetness.plist */ = {isa = PBXFileReference; fileEncoding = 4; lastKnownFileType = text.plist.xml; path = SwiftySweetness.plist; sourceTree = "<group>"; };
		AD2FAA281CD0B6E100659CF4 /* SwiftySweetnessTests.plist */ = {isa = PBXFileReference; fileEncoding = 4; lastKnownFileType = text.plist.xml; path = SwiftySweetnessTests.plist; sourceTree = "<group>"; };
		DD75027A1C68FCFC006590AF /* SwiftySweetness-macOS Tests.xctest */ = {isa = PBXFileReference; explicitFileType = wrapper.cfbundle; includeInIndex = 0; path = "SwiftySweetness-macOS Tests.xctest"; sourceTree = BUILT_PRODUCTS_DIR; };
		DD75028D1C690C7A006590AF /* SwiftySweetness-tvOS Tests.xctest */ = {isa = PBXFileReference; explicitFileType = wrapper.cfbundle; includeInIndex = 0; path = "SwiftySweetness-tvOS Tests.xctest"; sourceTree = BUILT_PRODUCTS_DIR; };
		E305E2A61F8B11AA00360094 /* DataRepresentation.swift */ = {isa = PBXFileReference; lastKnownFileType = sourcecode.swift; path = DataRepresentation.swift; sourceTree = "<group>"; };
		E36185471F8315E3005D93A1 /* Encodable+SwiftySweetness.swift */ = {isa = PBXFileReference; lastKnownFileType = sourcecode.swift; path = "Encodable+SwiftySweetness.swift"; sourceTree = "<group>"; };
		E36185481F8315E3005D93A1 /* Decodable+SwiftySweetness.swift */ = {isa = PBXFileReference; lastKnownFileType = sourcecode.swift; path = "Decodable+SwiftySweetness.swift"; sourceTree = "<group>"; };
		E36185511F83162C005D93A1 /* View+SwiftySweetness.swift */ = {isa = PBXFileReference; lastKnownFileType = sourcecode.swift; path = "View+SwiftySweetness.swift"; sourceTree = "<group>"; };
		E36185521F83162C005D93A1 /* UIViewController+SwiftySweetness.swift */ = {isa = PBXFileReference; lastKnownFileType = sourcecode.swift; path = "UIViewController+SwiftySweetness.swift"; sourceTree = "<group>"; };
		E36185531F83162C005D93A1 /* UIWindow+SwiftySweetness.swift */ = {isa = PBXFileReference; lastKnownFileType = sourcecode.swift; path = "UIWindow+SwiftySweetness.swift"; sourceTree = "<group>"; };
		E36185541F83162C005D93A1 /* Button+SwiftySweetness.swift */ = {isa = PBXFileReference; lastKnownFileType = sourcecode.swift; path = "Button+SwiftySweetness.swift"; sourceTree = "<group>"; };
		E36185551F83162D005D93A1 /* Color+SwiftySweetness.swift */ = {isa = PBXFileReference; lastKnownFileType = sourcecode.swift; path = "Color+SwiftySweetness.swift"; sourceTree = "<group>"; };
		E36185561F831637005D93A1 /* Bool+SwiftySweetness.swift */ = {isa = PBXFileReference; lastKnownFileType = sourcecode.swift; path = "Bool+SwiftySweetness.swift"; sourceTree = "<group>"; };
		E36185571F831637005D93A1 /* Array+SwiftySweetness.swift */ = {isa = PBXFileReference; lastKnownFileType = sourcecode.swift; path = "Array+SwiftySweetness.swift"; sourceTree = "<group>"; };
		E36185581F831637005D93A1 /* String+SwiftySweetness.swift */ = {isa = PBXFileReference; lastKnownFileType = sourcecode.swift; path = "String+SwiftySweetness.swift"; sourceTree = "<group>"; };
		E36185591F831637005D93A1 /* Optional+SwiftySweetness.swift */ = {isa = PBXFileReference; lastKnownFileType = sourcecode.swift; path = "Optional+SwiftySweetness.swift"; sourceTree = "<group>"; };
		E361855A1F831637005D93A1 /* Double+SwiftySweetness.swift */ = {isa = PBXFileReference; lastKnownFileType = sourcecode.swift; path = "Double+SwiftySweetness.swift"; sourceTree = "<group>"; };
		E361855B1F831638005D93A1 /* Int+SwiftySweetness.swift */ = {isa = PBXFileReference; lastKnownFileType = sourcecode.swift; path = "Int+SwiftySweetness.swift"; sourceTree = "<group>"; };
		E361855C1F831638005D93A1 /* CGRect+SwiftySweetness.swift */ = {isa = PBXFileReference; lastKnownFileType = sourcecode.swift; path = "CGRect+SwiftySweetness.swift"; sourceTree = "<group>"; };
		E361855D1F831638005D93A1 /* Operators.swift */ = {isa = PBXFileReference; lastKnownFileType = sourcecode.swift; path = Operators.swift; sourceTree = "<group>"; };
		E361855F1F831676005D93A1 /* SwiftySweetness.podspec */ = {isa = PBXFileReference; fileEncoding = 4; lastKnownFileType = text; path = SwiftySweetness.podspec; sourceTree = "<group>"; };
		E36185601F83169F005D93A1 /* LICENSE */ = {isa = PBXFileReference; fileEncoding = 4; lastKnownFileType = text; path = LICENSE; sourceTree = "<group>"; };
		E36185611F83169F005D93A1 /* README.md */ = {isa = PBXFileReference; lastKnownFileType = net.daringfireball.markdown; path = README.md; sourceTree = "<group>"; };
		E36185961F831C09005D93A1 /* Package.swift */ = {isa = PBXFileReference; lastKnownFileType = sourcecode.swift; path = Package.swift; sourceTree = "<group>"; };
		E3DF444B1FB007FC009039DA /* Typealiases.swift */ = {isa = PBXFileReference; lastKnownFileType = sourcecode.swift; path = Typealiases.swift; sourceTree = "<group>"; };
		E3DF444D1FB00E65009039DA /* Pipes.swift */ = {isa = PBXFileReference; lastKnownFileType = sourcecode.swift; path = Pipes.swift; sourceTree = "<group>"; };
		E3DF444F1FB019E8009039DA /* Any+SwiftySweetness.swift */ = {isa = PBXFileReference; lastKnownFileType = sourcecode.swift; path = "Any+SwiftySweetness.swift"; sourceTree = "<group>"; };
		E3DF44511FB01B62009039DA /* PropertyRepresentable.swift */ = {isa = PBXFileReference; lastKnownFileType = sourcecode.swift; path = PropertyRepresentable.swift; sourceTree = "<group>"; };
/* End PBXFileReference section */

/* Begin PBXFrameworksBuildPhase section */
		52D6D9781BEFF229002C0205 /* Frameworks */ = {
			isa = PBXFrameworksBuildPhase;
			buildActionMask = 2147483647;
			files = (
			);
			runOnlyForDeploymentPostprocessing = 0;
		};
		52D6D9831BEFF229002C0205 /* Frameworks */ = {
			isa = PBXFrameworksBuildPhase;
			buildActionMask = 2147483647;
			files = (
				52D6D9871BEFF229002C0205 /* SwiftySweetness.framework in Frameworks */,
			);
			runOnlyForDeploymentPostprocessing = 0;
		};
		52D6D9DE1BEFFF6E002C0205 /* Frameworks */ = {
			isa = PBXFrameworksBuildPhase;
			buildActionMask = 2147483647;
			files = (
			);
			runOnlyForDeploymentPostprocessing = 0;
		};
		52D6D9EC1BEFFFBE002C0205 /* Frameworks */ = {
			isa = PBXFrameworksBuildPhase;
			buildActionMask = 2147483647;
			files = (
			);
			runOnlyForDeploymentPostprocessing = 0;
		};
		52D6DA0B1BF000BD002C0205 /* Frameworks */ = {
			isa = PBXFrameworksBuildPhase;
			buildActionMask = 2147483647;
			files = (
			);
			runOnlyForDeploymentPostprocessing = 0;
		};
		DD7502771C68FCFC006590AF /* Frameworks */ = {
			isa = PBXFrameworksBuildPhase;
			buildActionMask = 2147483647;
			files = (
				DD7502881C68FEDE006590AF /* SwiftySweetness.framework in Frameworks */,
			);
			runOnlyForDeploymentPostprocessing = 0;
		};
		DD75028A1C690C7A006590AF /* Frameworks */ = {
			isa = PBXFrameworksBuildPhase;
			buildActionMask = 2147483647;
			files = (
				DD7502921C690C7A006590AF /* SwiftySweetness.framework in Frameworks */,
			);
			runOnlyForDeploymentPostprocessing = 0;
		};
/* End PBXFrameworksBuildPhase section */

/* Begin PBXGroup section */
		52D6D9721BEFF229002C0205 = {
			isa = PBXGroup;
			children = (
				E361855E1F831641005D93A1 /* Metadata */,
				8933C7811EB5B7E0000D00A4 /* Sources */,
				8933C7831EB5B7EB000D00A4 /* Tests */,
				52D6D99C1BEFF38C002C0205 /* Configs */,
				52D6D97D1BEFF229002C0205 /* Products */,
			);
			sourceTree = "<group>";
		};
		52D6D97D1BEFF229002C0205 /* Products */ = {
			isa = PBXGroup;
			children = (
				52D6D97C1BEFF229002C0205 /* SwiftySweetness.framework */,
				52D6D9861BEFF229002C0205 /* SwiftySweetness-iOS Tests.xctest */,
				52D6D9E21BEFFF6E002C0205 /* SwiftySweetness.framework */,
				52D6D9F01BEFFFBE002C0205 /* SwiftySweetness.framework */,
				52D6DA0F1BF000BD002C0205 /* SwiftySweetness.framework */,
				DD75027A1C68FCFC006590AF /* SwiftySweetness-macOS Tests.xctest */,
				DD75028D1C690C7A006590AF /* SwiftySweetness-tvOS Tests.xctest */,
			);
			name = Products;
			sourceTree = "<group>";
		};
		52D6D99C1BEFF38C002C0205 /* Configs */ = {
			isa = PBXGroup;
			children = (
				DD7502721C68FC1B006590AF /* Frameworks */,
				DD7502731C68FC20006590AF /* Tests */,
			);
			path = Configs;
			sourceTree = "<group>";
		};
		8933C7811EB5B7E0000D00A4 /* Sources */ = {
			isa = PBXGroup;
			children = (
				E3DF444A1FB007E9009039DA /* Global */,
				E36185441F8315A6005D93A1 /* GUITypes */,
				E36185451F8315B8005D93A1 /* StandardTypes */,
				E36185461F8315C5005D93A1 /* Protocols */,
				E305E2A51F8B113900360094 /* Enums */,
			);
			path = Sources;
			sourceTree = "<group>";
		};
		8933C7831EB5B7EB000D00A4 /* Tests */ = {
			isa = PBXGroup;
			children = (
				8933C7891EB5B82A000D00A4 /* SwiftySweetnessTests.swift */,
			);
			name = Tests;
			path = Tests/SwiftySweetnessTests;
			sourceTree = "<group>";
		};
		DD7502721C68FC1B006590AF /* Frameworks */ = {
			isa = PBXGroup;
			children = (
				AD2FAA261CD0B6D800659CF4 /* SwiftySweetness.plist */,
			);
			name = Frameworks;
			sourceTree = "<group>";
		};
		DD7502731C68FC20006590AF /* Tests */ = {
			isa = PBXGroup;
			children = (
				AD2FAA281CD0B6E100659CF4 /* SwiftySweetnessTests.plist */,
			);
			name = Tests;
			sourceTree = "<group>";
		};
		E305E2A51F8B113900360094 /* Enums */ = {
			isa = PBXGroup;
			children = (
				E305E2A61F8B11AA00360094 /* DataRepresentation.swift */,
			);
			path = Enums;
			sourceTree = "<group>";
		};
		E36185441F8315A6005D93A1 /* GUITypes */ = {
			isa = PBXGroup;
			children = (
				E36185541F83162C005D93A1 /* Button+SwiftySweetness.swift */,
				E36185551F83162D005D93A1 /* Color+SwiftySweetness.swift */,
				E36185511F83162C005D93A1 /* View+SwiftySweetness.swift */,
				E36185521F83162C005D93A1 /* UIViewController+SwiftySweetness.swift */,
				E36185531F83162C005D93A1 /* UIWindow+SwiftySweetness.swift */,
			);
			path = GUITypes;
			sourceTree = "<group>";
		};
		E36185451F8315B8005D93A1 /* StandardTypes */ = {
			isa = PBXGroup;
			children = (
				E36185571F831637005D93A1 /* Array+SwiftySweetness.swift */,
				E36185561F831637005D93A1 /* Bool+SwiftySweetness.swift */,
				E361855C1F831638005D93A1 /* CGRect+SwiftySweetness.swift */,
				E361855A1F831637005D93A1 /* Double+SwiftySweetness.swift */,
				E361855B1F831638005D93A1 /* Int+SwiftySweetness.swift */,
				E36185591F831637005D93A1 /* Optional+SwiftySweetness.swift */,
				E36185581F831637005D93A1 /* String+SwiftySweetness.swift */,
				E3DF444F1FB019E8009039DA /* Any+SwiftySweetness.swift */,
			);
			path = StandardTypes;
			sourceTree = "<group>";
		};
		E36185461F8315C5005D93A1 /* Protocols */ = {
			isa = PBXGroup;
			children = (
				E36185471F8315E3005D93A1 /* Encodable+SwiftySweetness.swift */,
				E36185481F8315E3005D93A1 /* Decodable+SwiftySweetness.swift */,
				E3DF44511FB01B62009039DA /* PropertyRepresentable.swift */,
			);
			path = Protocols;
			sourceTree = "<group>";
		};
		E361855E1F831641005D93A1 /* Metadata */ = {
			isa = PBXGroup;
			children = (
				E361855F1F831676005D93A1 /* SwiftySweetness.podspec */,
				E36185601F83169F005D93A1 /* LICENSE */,
				E36185611F83169F005D93A1 /* README.md */,
				E36185961F831C09005D93A1 /* Package.swift */,
			);
			name = Metadata;
			sourceTree = "<group>";
		};
		E3DF444A1FB007E9009039DA /* Global */ = {
			isa = PBXGroup;
			children = (
				E361855D1F831638005D93A1 /* Operators.swift */,
				E3DF444D1FB00E65009039DA /* Pipes.swift */,
				E3DF444B1FB007FC009039DA /* Typealiases.swift */,
			);
			path = Global;
			sourceTree = "<group>";
		};
/* End PBXGroup section */

/* Begin PBXHeadersBuildPhase section */
		52D6D9791BEFF229002C0205 /* Headers */ = {
			isa = PBXHeadersBuildPhase;
			buildActionMask = 2147483647;
			files = (
			);
			runOnlyForDeploymentPostprocessing = 0;
		};
		52D6D9DF1BEFFF6E002C0205 /* Headers */ = {
			isa = PBXHeadersBuildPhase;
			buildActionMask = 2147483647;
			files = (
			);
			runOnlyForDeploymentPostprocessing = 0;
		};
		52D6D9ED1BEFFFBE002C0205 /* Headers */ = {
			isa = PBXHeadersBuildPhase;
			buildActionMask = 2147483647;
			files = (
			);
			runOnlyForDeploymentPostprocessing = 0;
		};
		52D6DA0C1BF000BD002C0205 /* Headers */ = {
			isa = PBXHeadersBuildPhase;
			buildActionMask = 2147483647;
			files = (
			);
			runOnlyForDeploymentPostprocessing = 0;
		};
/* End PBXHeadersBuildPhase section */

/* Begin PBXNativeTarget section */
		52D6D97B1BEFF229002C0205 /* SwiftySweetness-iOS */ = {
			isa = PBXNativeTarget;
			buildConfigurationList = 52D6D9901BEFF229002C0205 /* Build configuration list for PBXNativeTarget "SwiftySweetness-iOS" */;
			buildPhases = (
				52D6D9771BEFF229002C0205 /* Sources */,
				52D6D9781BEFF229002C0205 /* Frameworks */,
				52D6D9791BEFF229002C0205 /* Headers */,
				52D6D97A1BEFF229002C0205 /* Resources */,
			);
			buildRules = (
			);
			dependencies = (
			);
			name = "SwiftySweetness-iOS";
			productName = SwiftySweetness;
			productReference = 52D6D97C1BEFF229002C0205 /* SwiftySweetness.framework */;
			productType = "com.apple.product-type.framework";
		};
		52D6D9851BEFF229002C0205 /* SwiftySweetness-iOS Tests */ = {
			isa = PBXNativeTarget;
			buildConfigurationList = 52D6D9931BEFF229002C0205 /* Build configuration list for PBXNativeTarget "SwiftySweetness-iOS Tests" */;
			buildPhases = (
				52D6D9821BEFF229002C0205 /* Sources */,
				52D6D9831BEFF229002C0205 /* Frameworks */,
				52D6D9841BEFF229002C0205 /* Resources */,
			);
			buildRules = (
			);
			dependencies = (
				52D6D9891BEFF229002C0205 /* PBXTargetDependency */,
			);
			name = "SwiftySweetness-iOS Tests";
			productName = SwiftySweetnessTests;
			productReference = 52D6D9861BEFF229002C0205 /* SwiftySweetness-iOS Tests.xctest */;
			productType = "com.apple.product-type.bundle.unit-test";
		};
		52D6D9E11BEFFF6E002C0205 /* SwiftySweetness-watchOS */ = {
			isa = PBXNativeTarget;
			buildConfigurationList = 52D6D9E71BEFFF6E002C0205 /* Build configuration list for PBXNativeTarget "SwiftySweetness-watchOS" */;
			buildPhases = (
				52D6D9DD1BEFFF6E002C0205 /* Sources */,
				52D6D9DE1BEFFF6E002C0205 /* Frameworks */,
				52D6D9DF1BEFFF6E002C0205 /* Headers */,
				52D6D9E01BEFFF6E002C0205 /* Resources */,
			);
			buildRules = (
			);
			dependencies = (
			);
			name = "SwiftySweetness-watchOS";
			productName = "SwiftySweetness-watchOS";
			productReference = 52D6D9E21BEFFF6E002C0205 /* SwiftySweetness.framework */;
			productType = "com.apple.product-type.framework";
		};
		52D6D9EF1BEFFFBE002C0205 /* SwiftySweetness-tvOS */ = {
			isa = PBXNativeTarget;
			buildConfigurationList = 52D6DA011BEFFFBE002C0205 /* Build configuration list for PBXNativeTarget "SwiftySweetness-tvOS" */;
			buildPhases = (
				52D6D9EB1BEFFFBE002C0205 /* Sources */,
				52D6D9EC1BEFFFBE002C0205 /* Frameworks */,
				52D6D9ED1BEFFFBE002C0205 /* Headers */,
				52D6D9EE1BEFFFBE002C0205 /* Resources */,
			);
			buildRules = (
			);
			dependencies = (
			);
			name = "SwiftySweetness-tvOS";
			productName = "SwiftySweetness-tvOS";
			productReference = 52D6D9F01BEFFFBE002C0205 /* SwiftySweetness.framework */;
			productType = "com.apple.product-type.framework";
		};
		52D6DA0E1BF000BD002C0205 /* SwiftySweetness-macOS */ = {
			isa = PBXNativeTarget;
			buildConfigurationList = 52D6DA201BF000BD002C0205 /* Build configuration list for PBXNativeTarget "SwiftySweetness-macOS" */;
			buildPhases = (
				52D6DA0A1BF000BD002C0205 /* Sources */,
				52D6DA0B1BF000BD002C0205 /* Frameworks */,
				52D6DA0C1BF000BD002C0205 /* Headers */,
				52D6DA0D1BF000BD002C0205 /* Resources */,
			);
			buildRules = (
			);
			dependencies = (
			);
			name = "SwiftySweetness-macOS";
			productName = "SwiftySweetness-macOS";
			productReference = 52D6DA0F1BF000BD002C0205 /* SwiftySweetness.framework */;
			productType = "com.apple.product-type.framework";
		};
		DD7502791C68FCFC006590AF /* SwiftySweetness-macOS Tests */ = {
			isa = PBXNativeTarget;
			buildConfigurationList = DD7502821C68FCFC006590AF /* Build configuration list for PBXNativeTarget "SwiftySweetness-macOS Tests" */;
			buildPhases = (
				DD7502761C68FCFC006590AF /* Sources */,
				DD7502771C68FCFC006590AF /* Frameworks */,
				DD7502781C68FCFC006590AF /* Resources */,
			);
			buildRules = (
			);
			dependencies = (
				DD7502811C68FCFC006590AF /* PBXTargetDependency */,
			);
			name = "SwiftySweetness-macOS Tests";
			productName = "SwiftySweetness-OS Tests";
			productReference = DD75027A1C68FCFC006590AF /* SwiftySweetness-macOS Tests.xctest */;
			productType = "com.apple.product-type.bundle.unit-test";
		};
		DD75028C1C690C7A006590AF /* SwiftySweetness-tvOS Tests */ = {
			isa = PBXNativeTarget;
			buildConfigurationList = DD7502951C690C7A006590AF /* Build configuration list for PBXNativeTarget "SwiftySweetness-tvOS Tests" */;
			buildPhases = (
				DD7502891C690C7A006590AF /* Sources */,
				DD75028A1C690C7A006590AF /* Frameworks */,
				DD75028B1C690C7A006590AF /* Resources */,
			);
			buildRules = (
			);
			dependencies = (
				DD7502941C690C7A006590AF /* PBXTargetDependency */,
			);
			name = "SwiftySweetness-tvOS Tests";
			productName = "SwiftySweetness-tvOS Tests";
			productReference = DD75028D1C690C7A006590AF /* SwiftySweetness-tvOS Tests.xctest */;
			productType = "com.apple.product-type.bundle.unit-test";
		};
/* End PBXNativeTarget section */

/* Begin PBXProject section */
		52D6D9731BEFF229002C0205 /* Project object */ = {
			isa = PBXProject;
			attributes = {
				LastSwiftUpdateCheck = 0720;
				LastUpgradeCheck = 0810;
				ORGANIZATIONNAME = SwiftySweetness;
				TargetAttributes = {
					52D6D97B1BEFF229002C0205 = {
						CreatedOnToolsVersion = 7.1;
						LastSwiftMigration = 0800;
					};
					52D6D9851BEFF229002C0205 = {
						CreatedOnToolsVersion = 7.1;
						LastSwiftMigration = 0800;
					};
					52D6D9E11BEFFF6E002C0205 = {
						CreatedOnToolsVersion = 7.1;
						LastSwiftMigration = 0800;
					};
					52D6D9EF1BEFFFBE002C0205 = {
						CreatedOnToolsVersion = 7.1;
						LastSwiftMigration = 0800;
					};
					52D6DA0E1BF000BD002C0205 = {
						CreatedOnToolsVersion = 7.1;
						LastSwiftMigration = 0800;
					};
					DD7502791C68FCFC006590AF = {
						CreatedOnToolsVersion = 7.2.1;
						LastSwiftMigration = 0800;
					};
					DD75028C1C690C7A006590AF = {
						CreatedOnToolsVersion = 7.2.1;
						LastSwiftMigration = 0800;
					};
				};
			};
			buildConfigurationList = 52D6D9761BEFF229002C0205 /* Build configuration list for PBXProject "SwiftySweetness" */;
			compatibilityVersion = "Xcode 6.3";
			developmentRegion = English;
			hasScannedForEncodings = 0;
			knownRegions = (
				en,
			);
			mainGroup = 52D6D9721BEFF229002C0205;
			productRefGroup = 52D6D97D1BEFF229002C0205 /* Products */;
			projectDirPath = "";
			projectRoot = "";
			targets = (
				52D6D97B1BEFF229002C0205 /* SwiftySweetness-iOS */,
				52D6DA0E1BF000BD002C0205 /* SwiftySweetness-macOS */,
				52D6D9E11BEFFF6E002C0205 /* SwiftySweetness-watchOS */,
				52D6D9EF1BEFFFBE002C0205 /* SwiftySweetness-tvOS */,
				52D6D9851BEFF229002C0205 /* SwiftySweetness-iOS Tests */,
				DD7502791C68FCFC006590AF /* SwiftySweetness-macOS Tests */,
				DD75028C1C690C7A006590AF /* SwiftySweetness-tvOS Tests */,
			);
		};
/* End PBXProject section */

/* Begin PBXResourcesBuildPhase section */
		52D6D97A1BEFF229002C0205 /* Resources */ = {
			isa = PBXResourcesBuildPhase;
			buildActionMask = 2147483647;
			files = (
			);
			runOnlyForDeploymentPostprocessing = 0;
		};
		52D6D9841BEFF229002C0205 /* Resources */ = {
			isa = PBXResourcesBuildPhase;
			buildActionMask = 2147483647;
			files = (
			);
			runOnlyForDeploymentPostprocessing = 0;
		};
		52D6D9E01BEFFF6E002C0205 /* Resources */ = {
			isa = PBXResourcesBuildPhase;
			buildActionMask = 2147483647;
			files = (
			);
			runOnlyForDeploymentPostprocessing = 0;
		};
		52D6D9EE1BEFFFBE002C0205 /* Resources */ = {
			isa = PBXResourcesBuildPhase;
			buildActionMask = 2147483647;
			files = (
			);
			runOnlyForDeploymentPostprocessing = 0;
		};
		52D6DA0D1BF000BD002C0205 /* Resources */ = {
			isa = PBXResourcesBuildPhase;
			buildActionMask = 2147483647;
			files = (
			);
			runOnlyForDeploymentPostprocessing = 0;
		};
		DD7502781C68FCFC006590AF /* Resources */ = {
			isa = PBXResourcesBuildPhase;
			buildActionMask = 2147483647;
			files = (
			);
			runOnlyForDeploymentPostprocessing = 0;
		};
		DD75028B1C690C7A006590AF /* Resources */ = {
			isa = PBXResourcesBuildPhase;
			buildActionMask = 2147483647;
			files = (
			);
			runOnlyForDeploymentPostprocessing = 0;
		};
/* End PBXResourcesBuildPhase section */

/* Begin PBXSourcesBuildPhase section */
		52D6D9771BEFF229002C0205 /* Sources */ = {
			isa = PBXSourcesBuildPhase;
			buildActionMask = 2147483647;
			files = (
				E305E2A71F8B11AA00360094 /* DataRepresentation.swift in Sources */,
				E36185631F8316FD005D93A1 /* Bool+SwiftySweetness.swift in Sources */,
				E36185861F831707005D93A1 /* UIWindow+SwiftySweetness.swift in Sources */,
				E36185661F8316FD005D93A1 /* Int+SwiftySweetness.swift in Sources */,
				E36185641F8316FD005D93A1 /* CGRect+SwiftySweetness.swift in Sources */,
				E36185691F8316FD005D93A1 /* String+SwiftySweetness.swift in Sources */,
				E36185831F831707005D93A1 /* Color+SwiftySweetness.swift in Sources */,
				E36185841F831707005D93A1 /* View+SwiftySweetness.swift in Sources */,
				E36185851F831707005D93A1 /* UIViewController+SwiftySweetness.swift in Sources */,
				E361854D1F8315F9005D93A1 /* Encodable+SwiftySweetness.swift in Sources */,
				E36185491F8315F6005D93A1 /* Decodable+SwiftySweetness.swift in Sources */,
				E36185621F8316FD005D93A1 /* Array+SwiftySweetness.swift in Sources */,
				E36185821F831707005D93A1 /* Button+SwiftySweetness.swift in Sources */,
				E36185681F8316FD005D93A1 /* Optional+SwiftySweetness.swift in Sources */,
				E36185651F8316FD005D93A1 /* Double+SwiftySweetness.swift in Sources */,
				E36185671F8316FD005D93A1 /* Operators.swift in Sources */,
				E3DF44501FB019E8009039DA /* Any+SwiftySweetness.swift in Sources */,
				E3DF444C1FB007FC009039DA /* Typealiases.swift in Sources */,
				E3DF444E1FB00E65009039DA /* Pipes.swift in Sources */,
				E3DF44521FB01B62009039DA /* PropertyRepresentable.swift in Sources */,
			);
			runOnlyForDeploymentPostprocessing = 0;
		};
		52D6D9821BEFF229002C0205 /* Sources */ = {
			isa = PBXSourcesBuildPhase;
			buildActionMask = 2147483647;
			files = (
				8933C7901EB5B82D000D00A4 /* SwiftySweetnessTests.swift in Sources */,
			);
			runOnlyForDeploymentPostprocessing = 0;
		};
		52D6D9DD1BEFFF6E002C0205 /* Sources */ = {
			isa = PBXSourcesBuildPhase;
			buildActionMask = 2147483647;
			files = (
				E305E2A91F8B11AA00360094 /* DataRepresentation.swift in Sources */,
				E33859B81FCB69870080710A /* Pipes.swift in Sources */,
				E36185731F8316FE005D93A1 /* Bool+SwiftySweetness.swift in Sources */,
				E36185901F831707005D93A1 /* UIWindow+SwiftySweetness.swift in Sources */,
				E36185761F8316FE005D93A1 /* Int+SwiftySweetness.swift in Sources */,
				E36185741F8316FE005D93A1 /* CGRect+SwiftySweetness.swift in Sources */,
				E36185791F8316FE005D93A1 /* String+SwiftySweetness.swift in Sources */,
				E361858D1F831707005D93A1 /* Color+SwiftySweetness.swift in Sources */,
				E361858E1F831707005D93A1 /* View+SwiftySweetness.swift in Sources */,
				E361858F1F831707005D93A1 /* UIViewController+SwiftySweetness.swift in Sources */,
				E361854F1F8315FA005D93A1 /* Encodable+SwiftySweetness.swift in Sources */,
				E361854B1F8315F7005D93A1 /* Decodable+SwiftySweetness.swift in Sources */,
				E36185721F8316FE005D93A1 /* Array+SwiftySweetness.swift in Sources */,
				E361858C1F831707005D93A1 /* Button+SwiftySweetness.swift in Sources */,
				E33859BB1FCB698A0080710A /* Typealiases.swift in Sources */,
				E36185781F8316FE005D93A1 /* Optional+SwiftySweetness.swift in Sources */,
				E36185751F8316FE005D93A1 /* Double+SwiftySweetness.swift in Sources */,
				E36185771F8316FE005D93A1 /* Operators.swift in Sources */,
			);
			runOnlyForDeploymentPostprocessing = 0;
		};
		52D6D9EB1BEFFFBE002C0205 /* Sources */ = {
			isa = PBXSourcesBuildPhase;
			buildActionMask = 2147483647;
			files = (
				E305E2AA1F8B11AA00360094 /* DataRepresentation.swift in Sources */,
				E33859B91FCB69880080710A /* Pipes.swift in Sources */,
				E361857B1F8316FE005D93A1 /* Bool+SwiftySweetness.swift in Sources */,
				E36185951F831708005D93A1 /* UIWindow+SwiftySweetness.swift in Sources */,
				E361857E1F8316FE005D93A1 /* Int+SwiftySweetness.swift in Sources */,
				E361857C1F8316FE005D93A1 /* CGRect+SwiftySweetness.swift in Sources */,
				E36185811F8316FE005D93A1 /* String+SwiftySweetness.swift in Sources */,
				E36185921F831708005D93A1 /* Color+SwiftySweetness.swift in Sources */,
				E36185931F831708005D93A1 /* View+SwiftySweetness.swift in Sources */,
				E36185941F831708005D93A1 /* UIViewController+SwiftySweetness.swift in Sources */,
				E36185501F8315FA005D93A1 /* Encodable+SwiftySweetness.swift in Sources */,
				E361854C1F8315F7005D93A1 /* Decodable+SwiftySweetness.swift in Sources */,
				E361857A1F8316FE005D93A1 /* Array+SwiftySweetness.swift in Sources */,
				E36185911F831708005D93A1 /* Button+SwiftySweetness.swift in Sources */,
				E33859BC1FCB698A0080710A /* Typealiases.swift in Sources */,
				E36185801F8316FE005D93A1 /* Optional+SwiftySweetness.swift in Sources */,
				E361857D1F8316FE005D93A1 /* Double+SwiftySweetness.swift in Sources */,
				E361857F1F8316FE005D93A1 /* Operators.swift in Sources */,
			);
			runOnlyForDeploymentPostprocessing = 0;
		};
		52D6DA0A1BF000BD002C0205 /* Sources */ = {
			isa = PBXSourcesBuildPhase;
			buildActionMask = 2147483647;
			files = (
				E305E2A81F8B11AA00360094 /* DataRepresentation.swift in Sources */,
				E33859B71FCB69870080710A /* Pipes.swift in Sources */,
				E361856B1F8316FD005D93A1 /* Bool+SwiftySweetness.swift in Sources */,
				E361858B1F831707005D93A1 /* UIWindow+SwiftySweetness.swift in Sources */,
				E361856E1F8316FD005D93A1 /* Int+SwiftySweetness.swift in Sources */,
				E361856C1F8316FD005D93A1 /* CGRect+SwiftySweetness.swift in Sources */,
				E36185711F8316FD005D93A1 /* String+SwiftySweetness.swift in Sources */,
				E36185881F831707005D93A1 /* Color+SwiftySweetness.swift in Sources */,
				E36185891F831707005D93A1 /* View+SwiftySweetness.swift in Sources */,
				E361858A1F831707005D93A1 /* UIViewController+SwiftySweetness.swift in Sources */,
				E361854E1F8315FA005D93A1 /* Encodable+SwiftySweetness.swift in Sources */,
				E361854A1F8315F6005D93A1 /* Decodable+SwiftySweetness.swift in Sources */,
				E361856A1F8316FD005D93A1 /* Array+SwiftySweetness.swift in Sources */,
				E36185871F831707005D93A1 /* Button+SwiftySweetness.swift in Sources */,
				E33859BA1FCB698A0080710A /* Typealiases.swift in Sources */,
				E36185701F8316FD005D93A1 /* Optional+SwiftySweetness.swift in Sources */,
				E361856D1F8316FD005D93A1 /* Double+SwiftySweetness.swift in Sources */,
				E361856F1F8316FD005D93A1 /* Operators.swift in Sources */,
			);
			runOnlyForDeploymentPostprocessing = 0;
		};
		DD7502761C68FCFC006590AF /* Sources */ = {
			isa = PBXSourcesBuildPhase;
			buildActionMask = 2147483647;
			files = (
				8933C78F1EB5B82C000D00A4 /* SwiftySweetnessTests.swift in Sources */,
			);
			runOnlyForDeploymentPostprocessing = 0;
		};
		DD7502891C690C7A006590AF /* Sources */ = {
			isa = PBXSourcesBuildPhase;
			buildActionMask = 2147483647;
			files = (
				8933C78E1EB5B82C000D00A4 /* SwiftySweetnessTests.swift in Sources */,
			);
			runOnlyForDeploymentPostprocessing = 0;
		};
/* End PBXSourcesBuildPhase section */

/* Begin PBXTargetDependency section */
		52D6D9891BEFF229002C0205 /* PBXTargetDependency */ = {
			isa = PBXTargetDependency;
			target = 52D6D97B1BEFF229002C0205 /* SwiftySweetness-iOS */;
			targetProxy = 52D6D9881BEFF229002C0205 /* PBXContainerItemProxy */;
		};
		DD7502811C68FCFC006590AF /* PBXTargetDependency */ = {
			isa = PBXTargetDependency;
			target = 52D6DA0E1BF000BD002C0205 /* SwiftySweetness-macOS */;
			targetProxy = DD7502801C68FCFC006590AF /* PBXContainerItemProxy */;
		};
		DD7502941C690C7A006590AF /* PBXTargetDependency */ = {
			isa = PBXTargetDependency;
			target = 52D6D9EF1BEFFFBE002C0205 /* SwiftySweetness-tvOS */;
			targetProxy = DD7502931C690C7A006590AF /* PBXContainerItemProxy */;
		};
/* End PBXTargetDependency section */

/* Begin XCBuildConfiguration section */
		52D6D98E1BEFF229002C0205 /* Debug */ = {
			isa = XCBuildConfiguration;
			buildSettings = {
				ALWAYS_SEARCH_USER_PATHS = NO;
				CLANG_CXX_LANGUAGE_STANDARD = "gnu++0x";
				CLANG_CXX_LIBRARY = "libc++";
				CLANG_ENABLE_MODULES = YES;
				CLANG_ENABLE_OBJC_ARC = YES;
				CLANG_WARN_BOOL_CONVERSION = YES;
				CLANG_WARN_CONSTANT_CONVERSION = YES;
				CLANG_WARN_DIRECT_OBJC_ISA_USAGE = YES_ERROR;
				CLANG_WARN_EMPTY_BODY = YES;
				CLANG_WARN_ENUM_CONVERSION = YES;
				CLANG_WARN_INFINITE_RECURSION = YES;
				CLANG_WARN_INT_CONVERSION = YES;
				CLANG_WARN_OBJC_ROOT_CLASS = YES_ERROR;
				CLANG_WARN_SUSPICIOUS_MOVE = YES;
				CLANG_WARN_UNREACHABLE_CODE = YES;
				CLANG_WARN__DUPLICATE_METHOD_MATCH = YES;
				"CODE_SIGN_IDENTITY[sdk=iphoneos*]" = "iPhone Developer";
				COPY_PHASE_STRIP = NO;
				CURRENT_PROJECT_VERSION = 1;
				DEBUG_INFORMATION_FORMAT = dwarf;
				ENABLE_STRICT_OBJC_MSGSEND = YES;
				ENABLE_TESTABILITY = YES;
				GCC_C_LANGUAGE_STANDARD = gnu99;
				GCC_DYNAMIC_NO_PIC = NO;
				GCC_NO_COMMON_BLOCKS = YES;
				GCC_OPTIMIZATION_LEVEL = 0;
				GCC_PREPROCESSOR_DEFINITIONS = (
					"DEBUG=1",
					"$(inherited)",
				);
				GCC_WARN_64_TO_32_BIT_CONVERSION = YES;
				GCC_WARN_ABOUT_RETURN_TYPE = YES_ERROR;
				GCC_WARN_UNDECLARED_SELECTOR = YES;
				GCC_WARN_UNINITIALIZED_AUTOS = YES_AGGRESSIVE;
				GCC_WARN_UNUSED_FUNCTION = YES;
				GCC_WARN_UNUSED_VARIABLE = YES;
				IPHONEOS_DEPLOYMENT_TARGET = 8.0;
				MTL_ENABLE_DEBUG_INFO = YES;
				ONLY_ACTIVE_ARCH = YES;
				SDKROOT = iphoneos;
				SWIFT_OPTIMIZATION_LEVEL = "-Onone";
				SWIFT_VERSION = 4.0;
				TARGETED_DEVICE_FAMILY = "1,2";
				VERSIONING_SYSTEM = "apple-generic";
				VERSION_INFO_PREFIX = "";
			};
			name = Debug;
		};
		52D6D98F1BEFF229002C0205 /* Release */ = {
			isa = XCBuildConfiguration;
			buildSettings = {
				ALWAYS_SEARCH_USER_PATHS = NO;
				CLANG_CXX_LANGUAGE_STANDARD = "gnu++0x";
				CLANG_CXX_LIBRARY = "libc++";
				CLANG_ENABLE_MODULES = YES;
				CLANG_ENABLE_OBJC_ARC = YES;
				CLANG_WARN_BOOL_CONVERSION = YES;
				CLANG_WARN_CONSTANT_CONVERSION = YES;
				CLANG_WARN_DIRECT_OBJC_ISA_USAGE = YES_ERROR;
				CLANG_WARN_EMPTY_BODY = YES;
				CLANG_WARN_ENUM_CONVERSION = YES;
				CLANG_WARN_INFINITE_RECURSION = YES;
				CLANG_WARN_INT_CONVERSION = YES;
				CLANG_WARN_OBJC_ROOT_CLASS = YES_ERROR;
				CLANG_WARN_SUSPICIOUS_MOVE = YES;
				CLANG_WARN_UNREACHABLE_CODE = YES;
				CLANG_WARN__DUPLICATE_METHOD_MATCH = YES;
				"CODE_SIGN_IDENTITY[sdk=iphoneos*]" = "iPhone Developer";
				COPY_PHASE_STRIP = NO;
				CURRENT_PROJECT_VERSION = 1;
				DEBUG_INFORMATION_FORMAT = "dwarf-with-dsym";
				ENABLE_NS_ASSERTIONS = NO;
				ENABLE_STRICT_OBJC_MSGSEND = YES;
				GCC_C_LANGUAGE_STANDARD = gnu99;
				GCC_NO_COMMON_BLOCKS = YES;
				GCC_WARN_64_TO_32_BIT_CONVERSION = YES;
				GCC_WARN_ABOUT_RETURN_TYPE = YES_ERROR;
				GCC_WARN_UNDECLARED_SELECTOR = YES;
				GCC_WARN_UNINITIALIZED_AUTOS = YES_AGGRESSIVE;
				GCC_WARN_UNUSED_FUNCTION = YES;
				GCC_WARN_UNUSED_VARIABLE = YES;
				IPHONEOS_DEPLOYMENT_TARGET = 8.0;
				MTL_ENABLE_DEBUG_INFO = NO;
				SDKROOT = iphoneos;
				SWIFT_VERSION = 4.0;
				TARGETED_DEVICE_FAMILY = "1,2";
				VALIDATE_PRODUCT = YES;
				VERSIONING_SYSTEM = "apple-generic";
				VERSION_INFO_PREFIX = "";
			};
			name = Release;
		};
		52D6D9911BEFF229002C0205 /* Debug */ = {
			isa = XCBuildConfiguration;
			buildSettings = {
				APPLICATION_EXTENSION_API_ONLY = YES;
				CLANG_ENABLE_MODULES = YES;
				"CODE_SIGN_IDENTITY[sdk=iphoneos*]" = "";
				DEFINES_MODULE = YES;
				DYLIB_COMPATIBILITY_VERSION = 1;
				DYLIB_CURRENT_VERSION = 1;
				DYLIB_INSTALL_NAME_BASE = "@rpath";
				INFOPLIST_FILE = Configs/SwiftySweetness.plist;
				INSTALL_PATH = "$(LOCAL_LIBRARY_DIR)/Frameworks";
				IPHONEOS_DEPLOYMENT_TARGET = 8.0;
				LD_RUNPATH_SEARCH_PATHS = "$(inherited) @executable_path/Frameworks @loader_path/Frameworks";
				ONLY_ACTIVE_ARCH = NO;
				PRODUCT_BUNDLE_IDENTIFIER = "com.SwiftySweetness.SwiftySweetness-iOS";
				PRODUCT_NAME = SwiftySweetness;
				SKIP_INSTALL = YES;
				SWIFT_OPTIMIZATION_LEVEL = "-Onone";
				SWIFT_VERSION = 4.0;
			};
			name = Debug;
		};
		52D6D9921BEFF229002C0205 /* Release */ = {
			isa = XCBuildConfiguration;
			buildSettings = {
				APPLICATION_EXTENSION_API_ONLY = YES;
				CLANG_ENABLE_MODULES = YES;
				"CODE_SIGN_IDENTITY[sdk=iphoneos*]" = "";
				DEFINES_MODULE = YES;
				DYLIB_COMPATIBILITY_VERSION = 1;
				DYLIB_CURRENT_VERSION = 1;
				DYLIB_INSTALL_NAME_BASE = "@rpath";
				INFOPLIST_FILE = Configs/SwiftySweetness.plist;
				INSTALL_PATH = "$(LOCAL_LIBRARY_DIR)/Frameworks";
				IPHONEOS_DEPLOYMENT_TARGET = 8.0;
				LD_RUNPATH_SEARCH_PATHS = "$(inherited) @executable_path/Frameworks @loader_path/Frameworks";
				PRODUCT_BUNDLE_IDENTIFIER = "com.SwiftySweetness.SwiftySweetness-iOS";
				PRODUCT_NAME = SwiftySweetness;
				SKIP_INSTALL = YES;
				SWIFT_OPTIMIZATION_LEVEL = "-Owholemodule";
				SWIFT_VERSION = 4.0;
			};
			name = Release;
		};
		52D6D9941BEFF229002C0205 /* Debug */ = {
			isa = XCBuildConfiguration;
			buildSettings = {
				CLANG_ENABLE_MODULES = YES;
				INFOPLIST_FILE = Configs/SwiftySweetnessTests.plist;
				LD_RUNPATH_SEARCH_PATHS = "$(inherited) @executable_path/Frameworks @loader_path/Frameworks";
				PRODUCT_BUNDLE_IDENTIFIER = "com.SwiftySweetness.SwiftySweetness-iOS-Tests";
				PRODUCT_NAME = "$(TARGET_NAME)";
				SWIFT_OPTIMIZATION_LEVEL = "-Onone";
				SWIFT_VERSION = 4.0;
			};
			name = Debug;
		};
		52D6D9951BEFF229002C0205 /* Release */ = {
			isa = XCBuildConfiguration;
			buildSettings = {
				CLANG_ENABLE_MODULES = YES;
				INFOPLIST_FILE = Configs/SwiftySweetnessTests.plist;
				LD_RUNPATH_SEARCH_PATHS = "$(inherited) @executable_path/Frameworks @loader_path/Frameworks";
				PRODUCT_BUNDLE_IDENTIFIER = "com.SwiftySweetness.SwiftySweetness-iOS-Tests";
				PRODUCT_NAME = "$(TARGET_NAME)";
				SWIFT_OPTIMIZATION_LEVEL = "-Owholemodule";
				SWIFT_VERSION = 4.0;
			};
			name = Release;
		};
		52D6D9E81BEFFF6E002C0205 /* Debug */ = {
			isa = XCBuildConfiguration;
			buildSettings = {
				APPLICATION_EXTENSION_API_ONLY = YES;
				"CODE_SIGN_IDENTITY[sdk=watchos*]" = "";
				DEFINES_MODULE = YES;
				DYLIB_COMPATIBILITY_VERSION = 1;
				DYLIB_CURRENT_VERSION = 1;
				DYLIB_INSTALL_NAME_BASE = "@rpath";
				INFOPLIST_FILE = Configs/SwiftySweetness.plist;
				INSTALL_PATH = "$(LOCAL_LIBRARY_DIR)/Frameworks";
				LD_RUNPATH_SEARCH_PATHS = "$(inherited) @executable_path/Frameworks @loader_path/Frameworks";
				PRODUCT_BUNDLE_IDENTIFIER = "com.SwiftySweetness.SwiftySweetness-watchOS";
				PRODUCT_NAME = SwiftySweetness;
				SDKROOT = watchos;
				SKIP_INSTALL = YES;
				SWIFT_VERSION = 4.0;
				TARGETED_DEVICE_FAMILY = 4;
				WATCHOS_DEPLOYMENT_TARGET = 2.0;
			};
			name = Debug;
		};
		52D6D9E91BEFFF6E002C0205 /* Release */ = {
			isa = XCBuildConfiguration;
			buildSettings = {
				APPLICATION_EXTENSION_API_ONLY = YES;
				"CODE_SIGN_IDENTITY[sdk=watchos*]" = "";
				DEFINES_MODULE = YES;
				DYLIB_COMPATIBILITY_VERSION = 1;
				DYLIB_CURRENT_VERSION = 1;
				DYLIB_INSTALL_NAME_BASE = "@rpath";
				INFOPLIST_FILE = Configs/SwiftySweetness.plist;
				INSTALL_PATH = "$(LOCAL_LIBRARY_DIR)/Frameworks";
				LD_RUNPATH_SEARCH_PATHS = "$(inherited) @executable_path/Frameworks @loader_path/Frameworks";
				PRODUCT_BUNDLE_IDENTIFIER = "com.SwiftySweetness.SwiftySweetness-watchOS";
				PRODUCT_NAME = SwiftySweetness;
				SDKROOT = watchos;
				SKIP_INSTALL = YES;
				SWIFT_OPTIMIZATION_LEVEL = "-Owholemodule";
				SWIFT_VERSION = 4.0;
				TARGETED_DEVICE_FAMILY = 4;
				WATCHOS_DEPLOYMENT_TARGET = 2.0;
			};
			name = Release;
		};
		52D6DA021BEFFFBE002C0205 /* Debug */ = {
			isa = XCBuildConfiguration;
			buildSettings = {
				APPLICATION_EXTENSION_API_ONLY = YES;
				"CODE_SIGN_IDENTITY[sdk=appletvos*]" = "";
				DEFINES_MODULE = YES;
				DYLIB_COMPATIBILITY_VERSION = 1;
				DYLIB_CURRENT_VERSION = 1;
				DYLIB_INSTALL_NAME_BASE = "@rpath";
				INFOPLIST_FILE = Configs/SwiftySweetness.plist;
				INSTALL_PATH = "$(LOCAL_LIBRARY_DIR)/Frameworks";
				LD_RUNPATH_SEARCH_PATHS = "$(inherited) @executable_path/Frameworks @loader_path/Frameworks";
				PRODUCT_BUNDLE_IDENTIFIER = "com.SwiftySweetness.SwiftySweetness-tvOS";
				PRODUCT_NAME = SwiftySweetness;
				SDKROOT = appletvos;
				SKIP_INSTALL = YES;
				SWIFT_VERSION = 4.0;
				TARGETED_DEVICE_FAMILY = 3;
				TVOS_DEPLOYMENT_TARGET = 9.0;
			};
			name = Debug;
		};
		52D6DA031BEFFFBE002C0205 /* Release */ = {
			isa = XCBuildConfiguration;
			buildSettings = {
				APPLICATION_EXTENSION_API_ONLY = YES;
				"CODE_SIGN_IDENTITY[sdk=appletvos*]" = "";
				DEFINES_MODULE = YES;
				DYLIB_COMPATIBILITY_VERSION = 1;
				DYLIB_CURRENT_VERSION = 1;
				DYLIB_INSTALL_NAME_BASE = "@rpath";
				INFOPLIST_FILE = Configs/SwiftySweetness.plist;
				INSTALL_PATH = "$(LOCAL_LIBRARY_DIR)/Frameworks";
				LD_RUNPATH_SEARCH_PATHS = "$(inherited) @executable_path/Frameworks @loader_path/Frameworks";
				PRODUCT_BUNDLE_IDENTIFIER = "com.SwiftySweetness.SwiftySweetness-tvOS";
				PRODUCT_NAME = SwiftySweetness;
				SDKROOT = appletvos;
				SKIP_INSTALL = YES;
				SWIFT_OPTIMIZATION_LEVEL = "-Owholemodule";
				SWIFT_VERSION = 4.0;
				TARGETED_DEVICE_FAMILY = 3;
				TVOS_DEPLOYMENT_TARGET = 9.0;
			};
			name = Release;
		};
		52D6DA211BF000BD002C0205 /* Debug */ = {
			isa = XCBuildConfiguration;
			buildSettings = {
				APPLICATION_EXTENSION_API_ONLY = YES;
				CODE_SIGN_IDENTITY = "-";
				COMBINE_HIDPI_IMAGES = YES;
				DEFINES_MODULE = YES;
				DYLIB_COMPATIBILITY_VERSION = 1;
				DYLIB_CURRENT_VERSION = 1;
				DYLIB_INSTALL_NAME_BASE = "@rpath";
				FRAMEWORK_VERSION = A;
				INFOPLIST_FILE = Configs/SwiftySweetness.plist;
				INSTALL_PATH = "$(LOCAL_LIBRARY_DIR)/Frameworks";
				LD_RUNPATH_SEARCH_PATHS = "$(inherited) @executable_path/../Frameworks @loader_path/Frameworks";
				MACOSX_DEPLOYMENT_TARGET = 10.10;
				PRODUCT_BUNDLE_IDENTIFIER = "com.SwiftySweetness.SwiftySweetness-macOS";
				PRODUCT_NAME = SwiftySweetness;
				SDKROOT = macosx;
				SKIP_INSTALL = YES;
				SWIFT_VERSION = 4.0;
			};
			name = Debug;
		};
		52D6DA221BF000BD002C0205 /* Release */ = {
			isa = XCBuildConfiguration;
			buildSettings = {
				APPLICATION_EXTENSION_API_ONLY = YES;
				CODE_SIGN_IDENTITY = "-";
				COMBINE_HIDPI_IMAGES = YES;
				DEFINES_MODULE = YES;
				DYLIB_COMPATIBILITY_VERSION = 1;
				DYLIB_CURRENT_VERSION = 1;
				DYLIB_INSTALL_NAME_BASE = "@rpath";
				FRAMEWORK_VERSION = A;
				INFOPLIST_FILE = Configs/SwiftySweetness.plist;
				INSTALL_PATH = "$(LOCAL_LIBRARY_DIR)/Frameworks";
				LD_RUNPATH_SEARCH_PATHS = "$(inherited) @executable_path/../Frameworks @loader_path/Frameworks";
				MACOSX_DEPLOYMENT_TARGET = 10.10;
				PRODUCT_BUNDLE_IDENTIFIER = "com.SwiftySweetness.SwiftySweetness-macOS";
				PRODUCT_NAME = SwiftySweetness;
				SDKROOT = macosx;
				SKIP_INSTALL = YES;
				SWIFT_OPTIMIZATION_LEVEL = "-Owholemodule";
				SWIFT_VERSION = 4.0;
			};
			name = Release;
		};
		DD7502831C68FCFC006590AF /* Debug */ = {
			isa = XCBuildConfiguration;
			buildSettings = {
				CODE_SIGN_IDENTITY = "-";
				COMBINE_HIDPI_IMAGES = YES;
				INFOPLIST_FILE = Configs/SwiftySweetnessTests.plist;
				LD_RUNPATH_SEARCH_PATHS = "$(inherited) @executable_path/../Frameworks @loader_path/../Frameworks";
				MACOSX_DEPLOYMENT_TARGET = 10.11;
				PRODUCT_BUNDLE_IDENTIFIER = "com.SwiftySweetness.SwiftySweetness-macOS-Tests";
				PRODUCT_NAME = "$(TARGET_NAME)";
				SDKROOT = macosx;
				SWIFT_VERSION = 4.0;
			};
			name = Debug;
		};
		DD7502841C68FCFC006590AF /* Release */ = {
			isa = XCBuildConfiguration;
			buildSettings = {
				CODE_SIGN_IDENTITY = "-";
				COMBINE_HIDPI_IMAGES = YES;
				INFOPLIST_FILE = Configs/SwiftySweetnessTests.plist;
				LD_RUNPATH_SEARCH_PATHS = "$(inherited) @executable_path/../Frameworks @loader_path/../Frameworks";
				MACOSX_DEPLOYMENT_TARGET = 10.11;
				PRODUCT_BUNDLE_IDENTIFIER = "com.SwiftySweetness.SwiftySweetness-macOS-Tests";
				PRODUCT_NAME = "$(TARGET_NAME)";
				SDKROOT = macosx;
				SWIFT_OPTIMIZATION_LEVEL = "-Owholemodule";
				SWIFT_VERSION = 4.0;
			};
			name = Release;
		};
		DD7502961C690C7A006590AF /* Debug */ = {
			isa = XCBuildConfiguration;
			buildSettings = {
				INFOPLIST_FILE = Configs/SwiftySweetnessTests.plist;
				LD_RUNPATH_SEARCH_PATHS = "$(inherited) @executable_path/Frameworks @loader_path/Frameworks";
				PRODUCT_BUNDLE_IDENTIFIER = "com.SwiftySweetness.SwiftySweetness-tvOS-Tests";
				PRODUCT_NAME = "$(TARGET_NAME)";
				SDKROOT = appletvos;
				SWIFT_VERSION = 4.0;
				TVOS_DEPLOYMENT_TARGET = 9.1;
			};
			name = Debug;
		};
		DD7502971C690C7A006590AF /* Release */ = {
			isa = XCBuildConfiguration;
			buildSettings = {
				INFOPLIST_FILE = Configs/SwiftySweetnessTests.plist;
				LD_RUNPATH_SEARCH_PATHS = "$(inherited) @executable_path/Frameworks @loader_path/Frameworks";
				PRODUCT_BUNDLE_IDENTIFIER = "com.SwiftySweetness.SwiftySweetness-tvOS-Tests";
				PRODUCT_NAME = "$(TARGET_NAME)";
				SDKROOT = appletvos;
				SWIFT_OPTIMIZATION_LEVEL = "-Owholemodule";
				SWIFT_VERSION = 4.0;
				TVOS_DEPLOYMENT_TARGET = 9.1;
			};
			name = Release;
		};
/* End XCBuildConfiguration section */

/* Begin XCConfigurationList section */
		52D6D9761BEFF229002C0205 /* Build configuration list for PBXProject "SwiftySweetness" */ = {
			isa = XCConfigurationList;
			buildConfigurations = (
				52D6D98E1BEFF229002C0205 /* Debug */,
				52D6D98F1BEFF229002C0205 /* Release */,
			);
			defaultConfigurationIsVisible = 0;
			defaultConfigurationName = Release;
		};
		52D6D9901BEFF229002C0205 /* Build configuration list for PBXNativeTarget "SwiftySweetness-iOS" */ = {
			isa = XCConfigurationList;
			buildConfigurations = (
				52D6D9911BEFF229002C0205 /* Debug */,
				52D6D9921BEFF229002C0205 /* Release */,
			);
			defaultConfigurationIsVisible = 0;
			defaultConfigurationName = Release;
		};
		52D6D9931BEFF229002C0205 /* Build configuration list for PBXNativeTarget "SwiftySweetness-iOS Tests" */ = {
			isa = XCConfigurationList;
			buildConfigurations = (
				52D6D9941BEFF229002C0205 /* Debug */,
				52D6D9951BEFF229002C0205 /* Release */,
			);
			defaultConfigurationIsVisible = 0;
			defaultConfigurationName = Release;
		};
		52D6D9E71BEFFF6E002C0205 /* Build configuration list for PBXNativeTarget "SwiftySweetness-watchOS" */ = {
			isa = XCConfigurationList;
			buildConfigurations = (
				52D6D9E81BEFFF6E002C0205 /* Debug */,
				52D6D9E91BEFFF6E002C0205 /* Release */,
			);
			defaultConfigurationIsVisible = 0;
			defaultConfigurationName = Release;
		};
		52D6DA011BEFFFBE002C0205 /* Build configuration list for PBXNativeTarget "SwiftySweetness-tvOS" */ = {
			isa = XCConfigurationList;
			buildConfigurations = (
				52D6DA021BEFFFBE002C0205 /* Debug */,
				52D6DA031BEFFFBE002C0205 /* Release */,
			);
			defaultConfigurationIsVisible = 0;
			defaultConfigurationName = Release;
		};
		52D6DA201BF000BD002C0205 /* Build configuration list for PBXNativeTarget "SwiftySweetness-macOS" */ = {
			isa = XCConfigurationList;
			buildConfigurations = (
				52D6DA211BF000BD002C0205 /* Debug */,
				52D6DA221BF000BD002C0205 /* Release */,
			);
			defaultConfigurationIsVisible = 0;
			defaultConfigurationName = Release;
		};
		DD7502821C68FCFC006590AF /* Build configuration list for PBXNativeTarget "SwiftySweetness-macOS Tests" */ = {
			isa = XCConfigurationList;
			buildConfigurations = (
				DD7502831C68FCFC006590AF /* Debug */,
				DD7502841C68FCFC006590AF /* Release */,
			);
			defaultConfigurationIsVisible = 0;
			defaultConfigurationName = Release;
		};
		DD7502951C690C7A006590AF /* Build configuration list for PBXNativeTarget "SwiftySweetness-tvOS Tests" */ = {
			isa = XCConfigurationList;
			buildConfigurations = (
				DD7502961C690C7A006590AF /* Debug */,
				DD7502971C690C7A006590AF /* Release */,
			);
			defaultConfigurationIsVisible = 0;
			defaultConfigurationName = Release;
		};
/* End XCConfigurationList section */
	};
	rootObject = 52D6D9731BEFF229002C0205 /* Project object */;
}
